
Microsoft Visual Studio Solution File, Format Version 12.00
# Visual Studio Version 16
VisualStudioVersion = 16.0.34601.136
MinimumVisualStudioVersion = 10.0.40219.1
Project("{FAE04EC0-301F-11D3-BF4B-00C04F79EFBC}") = "densing_client_crud", "densing_client_crud.csproj", "{9413BE8D-4E3F-458A-9EF4-769844F77726}"
EndProject
Global
	GlobalSection(SolutionConfigurationPlatforms) = preSolution
		Debug|Any CPU = Debug|Any CPU
		Release|Any CPU = Release|Any CPU
	EndGlobalSection
	GlobalSection(ProjectConfigurationPlatforms) = postSolution
		{9413BE8D-4E3F-458A-9EF4-769844F77726}.Debug|Any CPU.ActiveCfg = Debug|Any CPU
		{9413BE8D-4E3F-458A-9EF4-769844F77726}.Debug|Any CPU.Build.0 = Debug|Any CPU
		{9413BE8D-4E3F-458A-9EF4-769844F77726}.Release|Any CPU.ActiveCfg = Release|Any CPU
		{9413BE8D-4E3F-458A-9EF4-769844F77726}.Release|Any CPU.Build.0 = Release|Any CPU
	EndGlobalSection
	GlobalSection(SolutionProperties) = preSolution
		HideSolutionNode = FALSE
	EndGlobalSection
	GlobalSection(ExtensibilityGlobals) = postSolution
		SolutionGuid = {5098D4E6-C2B0-4370-8E99-051BDE3577B8}
	EndGlobalSection
EndGlobal
